// !$*UTF8*$!
{
	archiveVersion = 1;
	classes = {
	};
	objectVersion = 50;
	objects = {

/* Begin PBXBuildFile section */
		C1ED6C8B26CE48DE00DC36E4 /* AppDelegate.swift in Sources */ = {isa = PBXBuildFile; fileRef = C1ED6C8A26CE48DE00DC36E4 /* AppDelegate.swift */; };
		C1ED6C8D26CE48DE00DC36E4 /* SceneDelegate.swift in Sources */ = {isa = PBXBuildFile; fileRef = C1ED6C8C26CE48DE00DC36E4 /* SceneDelegate.swift */; };
		C1ED6C8F26CE48DE00DC36E4 /* StartViewController.swift in Sources */ = {isa = PBXBuildFile; fileRef = C1ED6C8E26CE48DE00DC36E4 /* StartViewController.swift */; };
		C1ED6C9226CE48DE00DC36E4 /* Main.storyboard in Resources */ = {isa = PBXBuildFile; fileRef = C1ED6C9026CE48DE00DC36E4 /* Main.storyboard */; };
		C1ED6C9426CE48E400DC36E4 /* Assets.xcassets in Resources */ = {isa = PBXBuildFile; fileRef = C1ED6C9326CE48E400DC36E4 /* Assets.xcassets */; };
		C1ED6C9726CE48E400DC36E4 /* LaunchScreen.storyboard in Resources */ = {isa = PBXBuildFile; fileRef = C1ED6C9526CE48E400DC36E4 /* LaunchScreen.storyboard */; };
		C1ED6CA326CE4F3400DC36E4 /* FinderViewController.swift in Sources */ = {isa = PBXBuildFile; fileRef = C1ED6CA226CE4F3400DC36E4 /* FinderViewController.swift */; };
		C1ED6CA526CE4F5800DC36E4 /* InstaCameraViewController.swift in Sources */ = {isa = PBXBuildFile; fileRef = C1ED6CA426CE4F5800DC36E4 /* InstaCameraViewController.swift */; };
		C1ED6CA726CE4F7300DC36E4 /* NotificationViewController.swift in Sources */ = {isa = PBXBuildFile; fileRef = C1ED6CA626CE4F7300DC36E4 /* NotificationViewController.swift */; };
		C1ED6CA926CE4F8800DC36E4 /* UserProfileViewController.swift in Sources */ = {isa = PBXBuildFile; fileRef = C1ED6CA826CE4F8800DC36E4 /* UserProfileViewController.swift */; };
/* End PBXBuildFile section */

/* Begin PBXFileReference section */
		C1ED6C8726CE48DE00DC36E4 /* InstagramLikeApp.app */ = {isa = PBXFileReference; explicitFileType = wrapper.application; includeInIndex = 0; path = InstagramLikeApp.app; sourceTree = BUILT_PRODUCTS_DIR; };
		C1ED6C8A26CE48DE00DC36E4 /* AppDelegate.swift */ = {isa = PBXFileReference; lastKnownFileType = sourcecode.swift; path = AppDelegate.swift; sourceTree = "<group>"; };
		C1ED6C8C26CE48DE00DC36E4 /* SceneDelegate.swift */ = {isa = PBXFileReference; lastKnownFileType = sourcecode.swift; path = SceneDelegate.swift; sourceTree = "<group>"; };
		C1ED6C8E26CE48DE00DC36E4 /* StartViewController.swift */ = {isa = PBXFileReference; lastKnownFileType = sourcecode.swift; path = StartViewController.swift; sourceTree = "<group>"; };
		C1ED6C9126CE48DE00DC36E4 /* Base */ = {isa = PBXFileReference; lastKnownFileType = file.storyboard; name = Base; path = Base.lproj/Main.storyboard; sourceTree = "<group>"; };
		C1ED6C9326CE48E400DC36E4 /* Assets.xcassets */ = {isa = PBXFileReference; lastKnownFileType = folder.assetcatalog; path = Assets.xcassets; sourceTree = "<group>"; };
		C1ED6C9626CE48E400DC36E4 /* Base */ = {isa = PBXFileReference; lastKnownFileType = file.storyboard; name = Base; path = Base.lproj/LaunchScreen.storyboard; sourceTree = "<group>"; };
		C1ED6C9826CE48E400DC36E4 /* Info.plist */ = {isa = PBXFileReference; lastKnownFileType = text.plist.xml; path = Info.plist; sourceTree = "<group>"; };
		C1ED6CA226CE4F3400DC36E4 /* FinderViewController.swift */ = {isa = PBXFileReference; lastKnownFileType = sourcecode.swift; path = FinderViewController.swift; sourceTree = "<group>"; };
		C1ED6CA426CE4F5800DC36E4 /* InstaCameraViewController.swift */ = {isa = PBXFileReference; lastKnownFileType = sourcecode.swift; path = InstaCameraViewController.swift; sourceTree = "<group>"; };
		C1ED6CA626CE4F7300DC36E4 /* NotificationViewController.swift */ = {isa = PBXFileReference; lastKnownFileType = sourcecode.swift; path = NotificationViewController.swift; sourceTree = "<group>"; };
		C1ED6CA826CE4F8800DC36E4 /* UserProfileViewController.swift */ = {isa = PBXFileReference; lastKnownFileType = sourcecode.swift; path = UserProfileViewController.swift; sourceTree = "<group>"; };
/* End PBXFileReference section */

/* Begin PBXFrameworksBuildPhase section */
		C1ED6C8426CE48DD00DC36E4 /* Frameworks */ = {
			isa = PBXFrameworksBuildPhase;
			buildActionMask = 2147483647;
			files = (
			);
			runOnlyForDeploymentPostprocessing = 0;
		};
/* End PBXFrameworksBuildPhase section */

/* Begin PBXGroup section */
		C1ED6C7E26CE48DD00DC36E4 = {
			isa = PBXGroup;
			children = (
				C1ED6C8926CE48DE00DC36E4 /* InstagramLikeApp */,
				C1ED6C8826CE48DE00DC36E4 /* Products */,
			);
			sourceTree = "<group>";
		};
		C1ED6C8826CE48DE00DC36E4 /* Products */ = {
			isa = PBXGroup;
			children = (
				C1ED6C8726CE48DE00DC36E4 /* InstagramLikeApp.app */,
			);
			name = Products;
			sourceTree = "<group>";
		};
		C1ED6C8926CE48DE00DC36E4 /* InstagramLikeApp */ = {
			isa = PBXGroup;
			children = (
				C1ED6CA126CE4D9E00DC36E4 /* Resources */,
				C1ED6C9E26CE4D5D00DC36E4 /* Models */,
				C1ED6C9F26CE4D6600DC36E4 /* Views */,
				C1ED6CA026CE4D7000DC36E4 /* Controllers */,
				C1ED6C9826CE48E400DC36E4 /* Info.plist */,
			);
			path = InstagramLikeApp;
			sourceTree = "<group>";
		};
		C1ED6C9E26CE4D5D00DC36E4 /* Models */ = {
			isa = PBXGroup;
			children = (
			);
			path = Models;
			sourceTree = "<group>";
		};
		C1ED6C9F26CE4D6600DC36E4 /* Views */ = {
			isa = PBXGroup;
			children = (
				C1ED6C9026CE48DE00DC36E4 /* Main.storyboard */,
				C1ED6C9326CE48E400DC36E4 /* Assets.xcassets */,
				C1ED6C9526CE48E400DC36E4 /* LaunchScreen.storyboard */,
			);
			path = Views;
			sourceTree = "<group>";
		};
		C1ED6CA026CE4D7000DC36E4 /* Controllers */ = {
			isa = PBXGroup;
			children = (
				C1ED6C8E26CE48DE00DC36E4 /* StartViewController.swift */,
				C1ED6CA226CE4F3400DC36E4 /* FinderViewController.swift */,
				C1ED6CA426CE4F5800DC36E4 /* InstaCameraViewController.swift */,
				C1ED6CA626CE4F7300DC36E4 /* NotificationViewController.swift */,
				C1ED6CA826CE4F8800DC36E4 /* UserProfileViewController.swift */,
			);
			path = Controllers;
			sourceTree = "<group>";
		};
		C1ED6CA126CE4D9E00DC36E4 /* Resources */ = {
			isa = PBXGroup;
			children = (
				C1ED6C8A26CE48DE00DC36E4 /* AppDelegate.swift */,
				C1ED6C8C26CE48DE00DC36E4 /* SceneDelegate.swift */,
			);
			path = Resources;
			sourceTree = "<group>";
		};
/* End PBXGroup section */

/* Begin PBXNativeTarget section */
		C1ED6C8626CE48DD00DC36E4 /* InstagramLikeApp */ = {
			isa = PBXNativeTarget;
			buildConfigurationList = C1ED6C9B26CE48E400DC36E4 /* Build configuration list for PBXNativeTarget "InstagramLikeApp" */;
			buildPhases = (
				C1ED6C8326CE48DD00DC36E4 /* Sources */,
				C1ED6C8426CE48DD00DC36E4 /* Frameworks */,
				C1ED6C8526CE48DD00DC36E4 /* Resources */,
			);
			buildRules = (
			);
			dependencies = (
			);
			name = InstagramLikeApp;
			productName = InstagramLikeApp;
			productReference = C1ED6C8726CE48DE00DC36E4 /* InstagramLikeApp.app */;
			productType = "com.apple.product-type.application";
		};
/* End PBXNativeTarget section */

/* Begin PBXProject section */
		C1ED6C7F26CE48DD00DC36E4 /* Project object */ = {
			isa = PBXProject;
			attributes = {
				LastSwiftUpdateCheck = 1250;
				LastUpgradeCheck = 1250;
				TargetAttributes = {
					C1ED6C8626CE48DD00DC36E4 = {
						CreatedOnToolsVersion = 12.5.1;
					};
				};
			};
			buildConfigurationList = C1ED6C8226CE48DD00DC36E4 /* Build configuration list for PBXProject "InstagramLikeApp" */;
			compatibilityVersion = "Xcode 9.3";
			developmentRegion = en;
			hasScannedForEncodings = 0;
			knownRegions = (
				en,
				Base,
			);
			mainGroup = C1ED6C7E26CE48DD00DC36E4;
			productRefGroup = C1ED6C8826CE48DE00DC36E4 /* Products */;
			projectDirPath = "";
			projectRoot = "";
			targets = (
				C1ED6C8626CE48DD00DC36E4 /* InstagramLikeApp */,
			);
		};
/* End PBXProject section */

/* Begin PBXResourcesBuildPhase section */
		C1ED6C8526CE48DD00DC36E4 /* Resources */ = {
			isa = PBXResourcesBuildPhase;
			buildActionMask = 2147483647;
			files = (
				C1ED6C9726CE48E400DC36E4 /* LaunchScreen.storyboard in Resources */,
				C1ED6C9426CE48E400DC36E4 /* Assets.xcassets in Resources */,
				C1ED6C9226CE48DE00DC36E4 /* Main.storyboard in Resources */,
			);
			runOnlyForDeploymentPostprocessing = 0;
		};
/* End PBXResourcesBuildPhase section */

/* Begin PBXSourcesBuildPhase section */
		C1ED6C8326CE48DD00DC36E4 /* Sources */ = {
			isa = PBXSourcesBuildPhase;
			buildActionMask = 2147483647;
			files = (
				C1ED6CA326CE4F3400DC36E4 /* FinderViewController.swift in Sources */,
				C1ED6C8F26CE48DE00DC36E4 /* StartViewController.swift in Sources */,
				C1ED6CA926CE4F8800DC36E4 /* UserProfileViewController.swift in Sources */,
				C1ED6CA726CE4F7300DC36E4 /* NotificationViewController.swift in Sources */,
				C1ED6CA526CE4F5800DC36E4 /* InstaCameraViewController.swift in Sources */,
				C1ED6C8B26CE48DE00DC36E4 /* AppDelegate.swift in Sources */,
				C1ED6C8D26CE48DE00DC36E4 /* SceneDelegate.swift in Sources */,
			);
			runOnlyForDeploymentPostprocessing = 0;
		};
/* End PBXSourcesBuildPhase section */

/* Begin PBXVariantGroup section */
		C1ED6C9026CE48DE00DC36E4 /* Main.storyboard */ = {
			isa = PBXVariantGroup;
			children = (
				C1ED6C9126CE48DE00DC36E4 /* Base */,
			);
			name = Main.storyboard;
			sourceTree = "<group>";
		};
		C1ED6C9526CE48E400DC36E4 /* LaunchScreen.storyboard */ = {
			isa = PBXVariantGroup;
			children = (
				C1ED6C9626CE48E400DC36E4 /* Base */,
			);
			name = LaunchScreen.storyboard;
			sourceTree = "<group>";
		};
/* End PBXVariantGroup section */

/* Begin XCBuildConfiguration section */
		C1ED6C9926CE48E400DC36E4 /* Debug */ = {
			isa = XCBuildConfiguration;
			buildSettings = {
				ALWAYS_SEARCH_USER_PATHS = NO;
				CLANG_ANALYZER_NONNULL = YES;
				CLANG_ANALYZER_NUMBER_OBJECT_CONVERSION = YES_AGGRESSIVE;
				CLANG_CXX_LANGUAGE_STANDARD = "gnu++14";
				CLANG_CXX_LIBRARY = "libc++";
				CLANG_ENABLE_MODULES = YES;
				CLANG_ENABLE_OBJC_ARC = YES;
				CLANG_ENABLE_OBJC_WEAK = YES;
				CLANG_WARN_BLOCK_CAPTURE_AUTORELEASING = YES;
				CLANG_WARN_BOOL_CONVERSION = YES;
				CLANG_WARN_COMMA = YES;
				CLANG_WARN_CONSTANT_CONVERSION = YES;
				CLANG_WARN_DEPRECATED_OBJC_IMPLEMENTATIONS = YES;
				CLANG_WARN_DIRECT_OBJC_ISA_USAGE = YES_ERROR;
				CLANG_WARN_DOCUMENTATION_COMMENTS = YES;
				CLANG_WARN_EMPTY_BODY = YES;
				CLANG_WARN_ENUM_CONVERSION = YES;
				CLANG_WARN_INFINITE_RECURSION = YES;
				CLANG_WARN_INT_CONVERSION = YES;
				CLANG_WARN_NON_LITERAL_NULL_CONVERSION = YES;
				CLANG_WARN_OBJC_IMPLICIT_RETAIN_SELF = YES;
				CLANG_WARN_OBJC_LITERAL_CONVERSION = YES;
				CLANG_WARN_OBJC_ROOT_CLASS = YES_ERROR;
				CLANG_WARN_QUOTED_INCLUDE_IN_FRAMEWORK_HEADER = YES;
				CLANG_WARN_RANGE_LOOP_ANALYSIS = YES;
				CLANG_WARN_STRICT_PROTOTYPES = YES;
				CLANG_WARN_SUSPICIOUS_MOVE = YES;
				CLANG_WARN_UNGUARDED_AVAILABILITY = YES_AGGRESSIVE;
				CLANG_WARN_UNREACHABLE_CODE = YES;
				CLANG_WARN__DUPLICATE_METHOD_MATCH = YES;
				COPY_PHASE_STRIP = NO;
				DEBUG_INFORMATION_FORMAT = dwarf;
				ENABLE_STRICT_OBJC_MSGSEND = YES;
				ENABLE_TESTABILITY = YES;
				GCC_C_LANGUAGE_STANDARD = gnu11;
				GCC_DYNAMIC_NO_PIC = NO;
				GCC_NO_COMMON_BLOCKS = YES;
				GCC_OPTIMIZATION_LEVEL = 0;
				GCC_PREPROCESSOR_DEFINITIONS = (
					"DEBUG=1",
					"$(inherited)",
				);
				GCC_WARN_64_TO_32_BIT_CONVERSION = YES;
				GCC_WARN_ABOUT_RETURN_TYPE = YES_ERROR;
				GCC_WARN_UNDECLARED_SELECTOR = YES;
				GCC_WARN_UNINITIALIZED_AUTOS = YES_AGGRESSIVE;
				GCC_WARN_UNUSED_FUNCTION = YES;
				GCC_WARN_UNUSED_VARIABLE = YES;
				IPHONEOS_DEPLOYMENT_TARGET = 14.5;
				MTL_ENABLE_DEBUG_INFO = INCLUDE_SOURCE;
				MTL_FAST_MATH = YES;
				ONLY_ACTIVE_ARCH = YES;
				SDKROOT = iphoneos;
				SWIFT_ACTIVE_COMPILATION_CONDITIONS = DEBUG;
				SWIFT_OPTIMIZATION_LEVEL = "-Onone";
			};
			name = Debug;
		};
		C1ED6C9A26CE48E400DC36E4 /* Release */ = {
			isa = XCBuildConfiguration;
			buildSettings = {
				ALWAYS_SEARCH_USER_PATHS = NO;
				CLANG_ANALYZER_NONNULL = YES;
				CLANG_ANALYZER_NUMBER_OBJECT_CONVERSION = YES_AGGRESSIVE;
				CLANG_CXX_LANGUAGE_STANDARD = "gnu++14";
				CLANG_CXX_LIBRARY = "libc++";
				CLANG_ENABLE_MODULES = YES;
				CLANG_ENABLE_OBJC_ARC = YES;
				CLANG_ENABLE_OBJC_WEAK = YES;
				CLANG_WARN_BLOCK_CAPTURE_AUTORELEASING = YES;
				CLANG_WARN_BOOL_CONVERSION = YES;
				CLANG_WARN_COMMA = YES;
				CLANG_WARN_CONSTANT_CONVERSION = YES;
				CLANG_WARN_DEPRECATED_OBJC_IMPLEMENTATIONS = YES;
				CLANG_WARN_DIRECT_OBJC_ISA_USAGE = YES_ERROR;
				CLANG_WARN_DOCUMENTATION_COMMENTS = YES;
				CLANG_WARN_EMPTY_BODY = YES;
				CLANG_WARN_ENUM_CONVERSION = YES;
				CLANG_WARN_INFINITE_RECURSION = YES;
				CLANG_WARN_INT_CONVERSION = YES;
				CLANG_WARN_NON_LITERAL_NULL_CONVERSION = YES;
				CLANG_WARN_OBJC_IMPLICIT_RETAIN_SELF = YES;
				CLANG_WARN_OBJC_LITERAL_CONVERSION = YES;
				CLANG_WARN_OBJC_ROOT_CLASS = YES_ERROR;
				CLANG_WARN_QUOTED_INCLUDE_IN_FRAMEWORK_HEADER = YES;
				CLANG_WARN_RANGE_LOOP_ANALYSIS = YES;
				CLANG_WARN_STRICT_PROTOTYPES = YES;
				CLANG_WARN_SUSPICIOUS_MOVE = YES;
				CLANG_WARN_UNGUARDED_AVAILABILITY = YES_AGGRESSIVE;
				CLANG_WARN_UNREACHABLE_CODE = YES;
				CLANG_WARN__DUPLICATE_METHOD_MATCH = YES;
				COPY_PHASE_STRIP = NO;
				DEBUG_INFORMATION_FORMAT = "dwarf-with-dsym";
				ENABLE_NS_ASSERTIONS = NO;
				ENABLE_STRICT_OBJC_MSGSEND = YES;
				GCC_C_LANGUAGE_STANDARD = gnu11;
				GCC_NO_COMMON_BLOCKS = YES;
				GCC_WARN_64_TO_32_BIT_CONVERSION = YES;
				GCC_WARN_ABOUT_RETURN_TYPE = YES_ERROR;
				GCC_WARN_UNDECLARED_SELECTOR = YES;
				GCC_WARN_UNINITIALIZED_AUTOS = YES_AGGRESSIVE;
				GCC_WARN_UNUSED_FUNCTION = YES;
				GCC_WARN_UNUSED_VARIABLE = YES;
				IPHONEOS_DEPLOYMENT_TARGET = 14.5;
				MTL_ENABLE_DEBUG_INFO = NO;
				MTL_FAST_MATH = YES;
				SDKROOT = iphoneos;
				SWIFT_COMPILATION_MODE = wholemodule;
				SWIFT_OPTIMIZATION_LEVEL = "-O";
				VALIDATE_PRODUCT = YES;
			};
			name = Release;
		};
		C1ED6C9C26CE48E400DC36E4 /* Debug */ = {
			isa = XCBuildConfiguration;
			buildSettings = {
				ASSETCATALOG_COMPILER_APPICON_NAME = AppIcon;
				ASSETCATALOG_COMPILER_GLOBAL_ACCENT_COLOR_NAME = AccentColor;
				CODE_SIGN_STYLE = Automatic;
				DEVELOPMENT_TEAM = DS3Z54QGNB;
				INFOPLIST_FILE = InstagramLikeApp/Info.plist;
				LD_RUNPATH_SEARCH_PATHS = (
					"$(inherited)",
					"@executable_path/Frameworks",
				);
				PRODUCT_BUNDLE_IDENTIFIER = com.julia117.InstagramLikeApp;
				PRODUCT_NAME = "$(TARGET_NAME)";
				SWIFT_VERSION = 5.0;
				TARGETED_DEVICE_FAMILY = "1,2";
			};
			name = Debug;
		};
		C1ED6C9D26CE48E400DC36E4 /* Release */ = {
			isa = XCBuildConfiguration;
			buildSettings = {
				ASSETCATALOG_COMPILER_APPICON_NAME = AppIcon;
				ASSETCATALOG_COMPILER_GLOBAL_ACCENT_COLOR_NAME = AccentColor;
				CODE_SIGN_STYLE = Automatic;
				DEVELOPMENT_TEAM = DS3Z54QGNB;
				INFOPLIST_FILE = InstagramLikeApp/Info.plist;
				LD_RUNPATH_SEARCH_PATHS = (
					"$(inherited)",
					"@executable_path/Frameworks",
				);
				PRODUCT_BUNDLE_IDENTIFIER = com.julia117.InstagramLikeApp;
				PRODUCT_NAME = "$(TARGET_NAME)";
				SWIFT_VERSION = 5.0;
				TARGETED_DEVICE_FAMILY = "1,2";
			};
			name = Release;
		};
/* End XCBuildConfiguration section */

/* Begin XCConfigurationList section */
		C1ED6C8226CE48DD00DC36E4 /* Build configuration list for PBXProject "InstagramLikeApp" */ = {
			isa = XCConfigurationList;
			buildConfigurations = (
				C1ED6C9926CE48E400DC36E4 /* Debug */,
				C1ED6C9A26CE48E400DC36E4 /* Release */,
			);
			defaultConfigurationIsVisible = 0;
			defaultConfigurationName = Release;
		};
		C1ED6C9B26CE48E400DC36E4 /* Build configuration list for PBXNativeTarget "InstagramLikeApp" */ = {
			isa = XCConfigurationList;
			buildConfigurations = (
				C1ED6C9C26CE48E400DC36E4 /* Debug */,
				C1ED6C9D26CE48E400DC36E4 /* Release */,
			);
			defaultConfigurationIsVisible = 0;
			defaultConfigurationName = Release;
		};
/* End XCConfigurationList section */
	};
	rootObject = C1ED6C7F26CE48DD00DC36E4 /* Project object */;
}
